
Microsoft Visual Studio Solution File, Format Version 12.00
# Visual Studio Version 16
VisualStudioVersion = 16.0.30204.135
MinimumVisualStudioVersion = 10.0.40219.1
Project("{9A19103F-16F7-4668-BE54-9A1E7A4F7556}") = "WebApplication1", "WebApplication1\WebApplication1.csproj", "{ADF902ED-875F-4307-8C1A-070F08B293AF}"
EndProject
Project("{2150E333-8FDC-42A3-9474-1A3956D46DE8}") = "Shared", "Shared", "{D2D7886C-FCC1-483C-B7B7-BE72ACF7DED9}"
EndProject
Project("{2150E333-8FDC-42A3-9474-1A3956D46DE8}") = "Domain", "Domain", "{E2DAE245-A6F4-4322-B921-90A11F332BDB}"
EndProject
Project("{2150E333-8FDC-42A3-9474-1A3956D46DE8}") = "Application", "Application", "{77FE37CD-A860-47DA-8AA4-377DE6C3BDB4}"
EndProject
Project("{2150E333-8FDC-42A3-9474-1A3956D46DE8}") = "Infrastructure", "Infrastructure", "{AB7C69BA-926A-4833-9F03-21E42F790573}"
EndProject
Project("{9A19103F-16F7-4668-BE54-9A1E7A4F7556}") = "Test.Core", "Test.Core\Test.Core.csproj", "{9613F1B1-E7B1-4278-9D7F-635BA5E76844}"
EndProject
Project("{9A19103F-16F7-4668-BE54-9A1E7A4F7556}") = "Test.Domain.Abstractions", "Test.Domain.Abstractions\Test.Domain.Abstractions.csproj", "{A1541E6B-E950-45E4-89E4-5F56AC00250D}"
EndProject
Project("{9A19103F-16F7-4668-BE54-9A1E7A4F7556}") = "Test.Extensions.Http", "Test.Extensions.Http\Test.Extensions.Http.csproj", "{AADF2430-5EF3-40AC-9F2B-8993560041D9}"
EndProject
Project("{9A19103F-16F7-4668-BE54-9A1E7A4F7556}") = "Test.Infrastructure.core", "Test.Infrastructure.core\Test.Infrastructure.core.csproj", "{9BDB51D6-7575-41FA-953D-354791F81B50}"
EndProject
Project("{9A19103F-16F7-4668-BE54-9A1E7A4F7556}") = "Test.Ordering.Domain", "Test.Ordering.Domain\Test.Ordering.Domain.csproj", "{37C82476-3825-4C29-9351-AB24C006581A}"
EndProject
Project("{9A19103F-16F7-4668-BE54-9A1E7A4F7556}") = "Test.Infrastucture", "Test.Infrastucture\Test.Infrastucture.csproj", "{BC26B2C4-F6C8-4ACE-9BE7-2C5531718DDC}"
EndProject
Project("{9A19103F-16F7-4668-BE54-9A1E7A4F7556}") = "WebApplication2", "WebApplication2\WebApplication2.csproj", "{4E344C0C-5EFC-4800-8E8E-12C93D612291}"
EndProject
Project("{2150E333-8FDC-42A3-9474-1A3956D46DE8}") = "ApiGateways", "ApiGateways", "{5D723674-6D67-4627-8492-874A7A45C84D}"
EndProject
Project("{9A19103F-16F7-4668-BE54-9A1E7A4F7556}") = "Test.Mobile.Gateway", "Test.Mobile.Gateway\Test.Mobile.Gateway.csproj", "{310C037F-9A73-4755-B1C2-A7AADC66D0BD}"
EndProject
Project("{FAE04EC0-301F-11D3-BF4B-00C04F79EFBC}") = "Test.Gateway", "Test.Gateway\Test.Gateway.csproj", "{5F23C840-9FF0-4B77-866F-C07EEC89BF73}"
EndProject
Project("{9A19103F-16F7-4668-BE54-9A1E7A4F7556}") = "Test.ClientService.OrderApi", "Test.ClientService.OrderApi\Test.ClientService.OrderApi.csproj", "{8899EEC4-FBF6-4F9C-AA91-1576F75AD203}"
EndProject
Project("{9A19103F-16F7-4668-BE54-9A1E7A4F7556}") = "Test.Gateway.ApiAggregator", "Test.Gateway.ApiAggregator\Test.Gateway.ApiAggregator.csproj", "{BCF525F9-21FB-4587-9F31-DF7DD2A21C09}"
EndProject
Project("{FAE04EC0-301F-11D3-BF4B-00C04F79EFBC}") = "Test.ClientService.GoodsApi", "Test.ClientService.GoodsApi\Test.ClientService.GoodsApi.csproj", "{F16D8B3C-834C-4DFE-9395-BC5BA4A47594}"
EndProject
Global
	GlobalSection(SolutionConfigurationPlatforms) = preSolution
		Debug|Any CPU = Debug|Any CPU
		Release|Any CPU = Release|Any CPU
	EndGlobalSection
	GlobalSection(ProjectConfigurationPlatforms) = postSolution
		{ADF902ED-875F-4307-8C1A-070F08B293AF}.Debug|Any CPU.ActiveCfg = Debug|Any CPU
		{ADF902ED-875F-4307-8C1A-070F08B293AF}.Debug|Any CPU.Build.0 = Debug|Any CPU
		{ADF902ED-875F-4307-8C1A-070F08B293AF}.Release|Any CPU.ActiveCfg = Release|Any CPU
		{ADF902ED-875F-4307-8C1A-070F08B293AF}.Release|Any CPU.Build.0 = Release|Any CPU
		{9613F1B1-E7B1-4278-9D7F-635BA5E76844}.Debug|Any CPU.ActiveCfg = Debug|Any CPU
		{9613F1B1-E7B1-4278-9D7F-635BA5E76844}.Debug|Any CPU.Build.0 = Debug|Any CPU
		{9613F1B1-E7B1-4278-9D7F-635BA5E76844}.Release|Any CPU.ActiveCfg = Release|Any CPU
		{9613F1B1-E7B1-4278-9D7F-635BA5E76844}.Release|Any CPU.Build.0 = Release|Any CPU
		{A1541E6B-E950-45E4-89E4-5F56AC00250D}.Debug|Any CPU.ActiveCfg = Debug|Any CPU
		{A1541E6B-E950-45E4-89E4-5F56AC00250D}.Debug|Any CPU.Build.0 = Debug|Any CPU
		{A1541E6B-E950-45E4-89E4-5F56AC00250D}.Release|Any CPU.ActiveCfg = Release|Any CPU
		{A1541E6B-E950-45E4-89E4-5F56AC00250D}.Release|Any CPU.Build.0 = Release|Any CPU
		{AADF2430-5EF3-40AC-9F2B-8993560041D9}.Debug|Any CPU.ActiveCfg = Debug|Any CPU
		{AADF2430-5EF3-40AC-9F2B-8993560041D9}.Debug|Any CPU.Build.0 = Debug|Any CPU
		{AADF2430-5EF3-40AC-9F2B-8993560041D9}.Release|Any CPU.ActiveCfg = Release|Any CPU
		{AADF2430-5EF3-40AC-9F2B-8993560041D9}.Release|Any CPU.Build.0 = Release|Any CPU
		{9BDB51D6-7575-41FA-953D-354791F81B50}.Debug|Any CPU.ActiveCfg = Debug|Any CPU
		{9BDB51D6-7575-41FA-953D-354791F81B50}.Debug|Any CPU.Build.0 = Debug|Any CPU
		{9BDB51D6-7575-41FA-953D-354791F81B50}.Release|Any CPU.ActiveCfg = Release|Any CPU
		{9BDB51D6-7575-41FA-953D-354791F81B50}.Release|Any CPU.Build.0 = Release|Any CPU
		{37C82476-3825-4C29-9351-AB24C006581A}.Debug|Any CPU.ActiveCfg = Debug|Any CPU
		{37C82476-3825-4C29-9351-AB24C006581A}.Debug|Any CPU.Build.0 = Debug|Any CPU
		{37C82476-3825-4C29-9351-AB24C006581A}.Release|Any CPU.ActiveCfg = Release|Any CPU
		{37C82476-3825-4C29-9351-AB24C006581A}.Release|Any CPU.Build.0 = Release|Any CPU
		{BC26B2C4-F6C8-4ACE-9BE7-2C5531718DDC}.Debug|Any CPU.ActiveCfg = Debug|Any CPU
		{BC26B2C4-F6C8-4ACE-9BE7-2C5531718DDC}.Debug|Any CPU.Build.0 = Debug|Any CPU
		{BC26B2C4-F6C8-4ACE-9BE7-2C5531718DDC}.Release|Any CPU.ActiveCfg = Release|Any CPU
		{BC26B2C4-F6C8-4ACE-9BE7-2C5531718DDC}.Release|Any CPU.Build.0 = Release|Any CPU
		{4E344C0C-5EFC-4800-8E8E-12C93D612291}.Debug|Any CPU.ActiveCfg = Debug|Any CPU
		{4E344C0C-5EFC-4800-8E8E-12C93D612291}.Debug|Any CPU.Build.0 = Debug|Any CPU
		{4E344C0C-5EFC-4800-8E8E-12C93D612291}.Release|Any CPU.ActiveCfg = Release|Any CPU
		{4E344C0C-5EFC-4800-8E8E-12C93D612291}.Release|Any CPU.Build.0 = Release|Any CPU
		{310C037F-9A73-4755-B1C2-A7AADC66D0BD}.Debug|Any CPU.ActiveCfg = Debug|Any CPU
		{310C037F-9A73-4755-B1C2-A7AADC66D0BD}.Debug|Any CPU.Build.0 = Debug|Any CPU
		{310C037F-9A73-4755-B1C2-A7AADC66D0BD}.Release|Any CPU.ActiveCfg = Release|Any CPU
		{310C037F-9A73-4755-B1C2-A7AADC66D0BD}.Release|Any CPU.Build.0 = Release|Any CPU
		{5F23C840-9FF0-4B77-866F-C07EEC89BF73}.Debug|Any CPU.ActiveCfg = Debug|Any CPU
		{5F23C840-9FF0-4B77-866F-C07EEC89BF73}.Debug|Any CPU.Build.0 = Debug|Any CPU
		{5F23C840-9FF0-4B77-866F-C07EEC89BF73}.Release|Any CPU.ActiveCfg = Release|Any CPU
		{5F23C840-9FF0-4B77-866F-C07EEC89BF73}.Release|Any CPU.Build.0 = Release|Any CPU
		{8899EEC4-FBF6-4F9C-AA91-1576F75AD203}.Debug|Any CPU.ActiveCfg = Debug|Any CPU
		{8899EEC4-FBF6-4F9C-AA91-1576F75AD203}.Debug|Any CPU.Build.0 = Debug|Any CPU
		{8899EEC4-FBF6-4F9C-AA91-1576F75AD203}.Release|Any CPU.ActiveCfg = Release|Any CPU
		{8899EEC4-FBF6-4F9C-AA91-1576F75AD203}.Release|Any CPU.Build.0 = Release|Any CPU
		{BCF525F9-21FB-4587-9F31-DF7DD2A21C09}.Debug|Any CPU.ActiveCfg = Debug|Any CPU
		{BCF525F9-21FB-4587-9F31-DF7DD2A21C09}.Debug|Any CPU.Build.0 = Debug|Any CPU
		{BCF525F9-21FB-4587-9F31-DF7DD2A21C09}.Release|Any CPU.ActiveCfg = Release|Any CPU
		{BCF525F9-21FB-4587-9F31-DF7DD2A21C09}.Release|Any CPU.Build.0 = Release|Any CPU
		{F16D8B3C-834C-4DFE-9395-BC5BA4A47594}.Debug|Any CPU.ActiveCfg = Debug|Any CPU
		{F16D8B3C-834C-4DFE-9395-BC5BA4A47594}.Debug|Any CPU.Build.0 = Debug|Any CPU
		{F16D8B3C-834C-4DFE-9395-BC5BA4A47594}.Release|Any CPU.ActiveCfg = Release|Any CPU
		{F16D8B3C-834C-4DFE-9395-BC5BA4A47594}.Release|Any CPU.Build.0 = Release|Any CPU
	EndGlobalSection
	GlobalSection(SolutionProperties) = preSolution
		HideSolutionNode = FALSE
	EndGlobalSection
	GlobalSection(NestedProjects) = preSolution
		{ADF902ED-875F-4307-8C1A-070F08B293AF} = {77FE37CD-A860-47DA-8AA4-377DE6C3BDB4}
		{9613F1B1-E7B1-4278-9D7F-635BA5E76844} = {D2D7886C-FCC1-483C-B7B7-BE72ACF7DED9}
		{A1541E6B-E950-45E4-89E4-5F56AC00250D} = {D2D7886C-FCC1-483C-B7B7-BE72ACF7DED9}
		{AADF2430-5EF3-40AC-9F2B-8993560041D9} = {D2D7886C-FCC1-483C-B7B7-BE72ACF7DED9}
		{9BDB51D6-7575-41FA-953D-354791F81B50} = {D2D7886C-FCC1-483C-B7B7-BE72ACF7DED9}
		{37C82476-3825-4C29-9351-AB24C006581A} = {E2DAE245-A6F4-4322-B921-90A11F332BDB}
		{BC26B2C4-F6C8-4ACE-9BE7-2C5531718DDC} = {AB7C69BA-926A-4833-9F03-21E42F790573}
		{4E344C0C-5EFC-4800-8E8E-12C93D612291} = {77FE37CD-A860-47DA-8AA4-377DE6C3BDB4}
		{310C037F-9A73-4755-B1C2-A7AADC66D0BD} = {5D723674-6D67-4627-8492-874A7A45C84D}
		{5F23C840-9FF0-4B77-866F-C07EEC89BF73} = {5D723674-6D67-4627-8492-874A7A45C84D}
		{8899EEC4-FBF6-4F9C-AA91-1576F75AD203} = {77FE37CD-A860-47DA-8AA4-377DE6C3BDB4}
		{BCF525F9-21FB-4587-9F31-DF7DD2A21C09} = {5D723674-6D67-4627-8492-874A7A45C84D}
		{F16D8B3C-834C-4DFE-9395-BC5BA4A47594} = {77FE37CD-A860-47DA-8AA4-377DE6C3BDB4}
	EndGlobalSection
	GlobalSection(ExtensibilityGlobals) = postSolution
		SolutionGuid = {413EBC69-9EE3-4811-A5F6-05AE84DE3109}
	EndGlobalSection
EndGlobal
